
Microsoft Visual Studio Solution File, Format Version 12.00
# Visual Studio Version 17
VisualStudioVersion = 17.3.32825.248
MinimumVisualStudioVersion = 10.0.40219.1
Project("{9A19103F-16F7-4668-BE54-9A1E7A4F7556}") = "CardStorageService", "CardStorageService\CardStorageService.csproj", "{6DE59385-64E8-4A27-A746-6B3FD24340FE}"
EndProject
Project("{9A19103F-16F7-4668-BE54-9A1E7A4F7556}") = "CardStorageService.Data", "CardStorageService.Data\CardStorageService.Data.csproj", "{458A1175-C224-4716-9541-50062EE7A764}"
EndProject
Project("{9A19103F-16F7-4668-BE54-9A1E7A4F7556}") = "JwtSample", "JwtSample\JwtSample.csproj", "{B1E79282-3592-4C13-A22A-581364A2FBD8}"
EndProject
Project("{9A19103F-16F7-4668-BE54-9A1E7A4F7556}") = "PasswordUtilsClient", "PasswordUtilsClient\PasswordUtilsClient.csproj", "{3150ADE2-415A-46C3-82FC-221AA14DF02F}"
EndProject
Project("{9A19103F-16F7-4668-BE54-9A1E7A4F7556}") = "Patterns", "Patterns\Patterns.csproj", "{87ADC8C0-C71A-4906-B7AE-7CDD2144F16F}"
EndProject
Global
	GlobalSection(SolutionConfigurationPlatforms) = preSolution
		Debug|Any CPU = Debug|Any CPU
		Release|Any CPU = Release|Any CPU
	EndGlobalSection
	GlobalSection(ProjectConfigurationPlatforms) = postSolution
		{6DE59385-64E8-4A27-A746-6B3FD24340FE}.Debug|Any CPU.ActiveCfg = Debug|Any CPU
		{6DE59385-64E8-4A27-A746-6B3FD24340FE}.Debug|Any CPU.Build.0 = Debug|Any CPU
		{6DE59385-64E8-4A27-A746-6B3FD24340FE}.Release|Any CPU.ActiveCfg = Release|Any CPU
		{6DE59385-64E8-4A27-A746-6B3FD24340FE}.Release|Any CPU.Build.0 = Release|Any CPU
		{458A1175-C224-4716-9541-50062EE7A764}.Debug|Any CPU.ActiveCfg = Debug|Any CPU
		{458A1175-C224-4716-9541-50062EE7A764}.Debug|Any CPU.Build.0 = Debug|Any CPU
		{458A1175-C224-4716-9541-50062EE7A764}.Release|Any CPU.ActiveCfg = Release|Any CPU
		{458A1175-C224-4716-9541-50062EE7A764}.Release|Any CPU.Build.0 = Release|Any CPU
		{B1E79282-3592-4C13-A22A-581364A2FBD8}.Debug|Any CPU.ActiveCfg = Debug|Any CPU
		{B1E79282-3592-4C13-A22A-581364A2FBD8}.Debug|Any CPU.Build.0 = Debug|Any CPU
		{B1E79282-3592-4C13-A22A-581364A2FBD8}.Release|Any CPU.ActiveCfg = Release|Any CPU
		{B1E79282-3592-4C13-A22A-581364A2FBD8}.Release|Any CPU.Build.0 = Release|Any CPU
		{3150ADE2-415A-46C3-82FC-221AA14DF02F}.Debug|Any CPU.ActiveCfg = Debug|Any CPU
		{3150ADE2-415A-46C3-82FC-221AA14DF02F}.Debug|Any CPU.Build.0 = Debug|Any CPU
		{3150ADE2-415A-46C3-82FC-221AA14DF02F}.Release|Any CPU.ActiveCfg = Release|Any CPU
		{3150ADE2-415A-46C3-82FC-221AA14DF02F}.Release|Any CPU.Build.0 = Release|Any CPU
		{87ADC8C0-C71A-4906-B7AE-7CDD2144F16F}.Debug|Any CPU.ActiveCfg = Debug|Any CPU
		{87ADC8C0-C71A-4906-B7AE-7CDD2144F16F}.Debug|Any CPU.Build.0 = Debug|Any CPU
		{87ADC8C0-C71A-4906-B7AE-7CDD2144F16F}.Release|Any CPU.ActiveCfg = Release|Any CPU
		{87ADC8C0-C71A-4906-B7AE-7CDD2144F16F}.Release|Any CPU.Build.0 = Release|Any CPU
	EndGlobalSection
	GlobalSection(SolutionProperties) = preSolution
		HideSolutionNode = FALSE
	EndGlobalSection
	GlobalSection(ExtensibilityGlobals) = postSolution
		SolutionGuid = {C4452CE8-90E7-47D1-8AA3-237913F65DD7}
	EndGlobalSection
EndGlobal
